// !$*UTF8*$!
{
	archiveVersion = 1;
	classes = {
	};
	objectVersion = 46;
	objects = {

/* Begin PBXBuildFile section */
		C706A2F4B87044B992CB7B6A /* libPods.a in Frameworks */ = {isa = PBXBuildFile; fileRef = 717BFB30ADAB4516B9529084 /* libPods.a */; };
		FC13BD6A1958147E003C94AF /* Panorama4ViewController.m in Sources */ = {isa = PBXBuildFile; fileRef = FC13BD691958147E003C94AF /* Panorama4ViewController.m */; };
		FC13BD6D19581493003C94AF /* Panorama5ViewController.m in Sources */ = {isa = PBXBuildFile; fileRef = FC13BD6C19581493003C94AF /* Panorama5ViewController.m */; };
		FC37ED061946F5BB0044E4E3 /* InfinitePagingView.m in Sources */ = {isa = PBXBuildFile; fileRef = FC37ED051946F5BB0044E4E3 /* InfinitePagingView.m */; };
		FC48DD82193C747D00A38A78 /* Foundation.framework in Frameworks */ = {isa = PBXBuildFile; fileRef = FC48DD81193C747D00A38A78 /* Foundation.framework */; };
		FC48DD84193C747D00A38A78 /* CoreGraphics.framework in Frameworks */ = {isa = PBXBuildFile; fileRef = FC48DD83193C747D00A38A78 /* CoreGraphics.framework */; };
		FC48DD86193C747D00A38A78 /* UIKit.framework in Frameworks */ = {isa = PBXBuildFile; fileRef = FC48DD85193C747D00A38A78 /* UIKit.framework */; };
		FC48DD8C193C747D00A38A78 /* InfoPlist.strings in Resources */ = {isa = PBXBuildFile; fileRef = FC48DD8A193C747D00A38A78 /* InfoPlist.strings */; };
		FC48DD8E193C747D00A38A78 /* main.m in Sources */ = {isa = PBXBuildFile; fileRef = FC48DD8D193C747D00A38A78 /* main.m */; };
		FC48DD92193C747D00A38A78 /* AppDelegate.m in Sources */ = {isa = PBXBuildFile; fileRef = FC48DD91193C747D00A38A78 /* AppDelegate.m */; };
		FC48DD94193C747D00A38A78 /* Images.xcassets in Resources */ = {isa = PBXBuildFile; fileRef = FC48DD93193C747D00A38A78 /* Images.xcassets */; };
		FC48DD9B193C747D00A38A78 /* XCTest.framework in Frameworks */ = {isa = PBXBuildFile; fileRef = FC48DD9A193C747D00A38A78 /* XCTest.framework */; };
		FC48DD9C193C747D00A38A78 /* Foundation.framework in Frameworks */ = {isa = PBXBuildFile; fileRef = FC48DD81193C747D00A38A78 /* Foundation.framework */; };
		FC48DD9D193C747D00A38A78 /* UIKit.framework in Frameworks */ = {isa = PBXBuildFile; fileRef = FC48DD85193C747D00A38A78 /* UIKit.framework */; };
		FC48DDA5193C747D00A38A78 /* InfoPlist.strings in Resources */ = {isa = PBXBuildFile; fileRef = FC48DDA3193C747D00A38A78 /* InfoPlist.strings */; };
		FC48DDA7193C747D00A38A78 /* CollectionViewTests.m in Sources */ = {isa = PBXBuildFile; fileRef = FC48DDA6193C747D00A38A78 /* CollectionViewTests.m */; };
		FC48DDB2193C749D00A38A78 /* ViewController.m in Sources */ = {isa = PBXBuildFile; fileRef = FC48DDB1193C749D00A38A78 /* ViewController.m */; };
		FC48DDB6193C7D5200A38A78 /* CollectionViewCell.m in Sources */ = {isa = PBXBuildFile; fileRef = FC48DDB5193C7D5200A38A78 /* CollectionViewCell.m */; };
		FC4E5545193DBCF3006272FF /* FRGWaterfallCollectionViewLayout.m in Sources */ = {isa = PBXBuildFile; fileRef = FC4E5544193DBCF3006272FF /* FRGWaterfallCollectionViewLayout.m */; };
		FC4E5548193DBDD6006272FF /* FRGWaterfallDecorationReusableView.m in Sources */ = {isa = PBXBuildFile; fileRef = FC4E5547193DBDD6006272FF /* FRGWaterfallDecorationReusableView.m */; };
		FC4E554F193DC38E006272FF /* sample_image_1.png in Resources */ = {isa = PBXBuildFile; fileRef = FC4E554A193DC38E006272FF /* sample_image_1.png */; };
		FC4E5550193DC38E006272FF /* sample_image_2.png in Resources */ = {isa = PBXBuildFile; fileRef = FC4E554B193DC38E006272FF /* sample_image_2.png */; };
		FC4E5551193DC38E006272FF /* sample_image_3.png in Resources */ = {isa = PBXBuildFile; fileRef = FC4E554C193DC38E006272FF /* sample_image_3.png */; };
		FC4E5552193DC38E006272FF /* sample_image_4.png in Resources */ = {isa = PBXBuildFile; fileRef = FC4E554D193DC38E006272FF /* sample_image_4.png */; };
		FC4E5553193DC38E006272FF /* sample_image_5.png in Resources */ = {isa = PBXBuildFile; fileRef = FC4E554E193DC38E006272FF /* sample_image_5.png */; };
		FC4E5555193DD175006272FF /* sample_image.png in Resources */ = {isa = PBXBuildFile; fileRef = FC4E5554193DD175006272FF /* sample_image.png */; };
		FC9F845F194EDF39005EDF58 /* BasePanoramaViewController.m in Sources */ = {isa = PBXBuildFile; fileRef = FC9F845E194EDF39005EDF58 /* BasePanoramaViewController.m */; };
		FC9F8462194EE083005EDF58 /* Panorama1ViewController.m in Sources */ = {isa = PBXBuildFile; fileRef = FC9F8461194EE083005EDF58 /* Panorama1ViewController.m */; };
		FC9F8465194EE511005EDF58 /* BaseEntity.m in Sources */ = {isa = PBXBuildFile; fileRef = FC9F8464194EE511005EDF58 /* BaseEntity.m */; };
		FC9F8468194EE548005EDF58 /* PanoramioEntity.m in Sources */ = {isa = PBXBuildFile; fileRef = FC9F8467194EE548005EDF58 /* PanoramioEntity.m */; };
		FCAA13E91959A64B00457895 /* WebViewController.m in Sources */ = {isa = PBXBuildFile; fileRef = FCAA13E81959A64B00457895 /* WebViewController.m */; };
		FCB26DD8195025C5003A6C78 /* GetPanorama.m in Sources */ = {isa = PBXBuildFile; fileRef = FCB26DD7195025C5003A6C78 /* GetPanorama.m */; };
		FCB26DDB195044A8003A6C78 /* Panorama2ViewController.m in Sources */ = {isa = PBXBuildFile; fileRef = FCB26DDA195044A8003A6C78 /* Panorama2ViewController.m */; };
		FCB26DDE19504548003A6C78 /* Panorama3ViewController.m in Sources */ = {isa = PBXBuildFile; fileRef = FCB26DDD19504548003A6C78 /* Panorama3ViewController.m */; };
		FCD4FC66194EDA3700DD0BAD /* APIClient.m in Sources */ = {isa = PBXBuildFile; fileRef = FCD4FC65194EDA3600DD0BAD /* APIClient.m */; };
/* End PBXBuildFile section */

/* Begin PBXContainerItemProxy section */
		FC48DD9E193C747D00A38A78 /* PBXContainerItemProxy */ = {
			isa = PBXContainerItemProxy;
			containerPortal = FC48DD76193C747D00A38A78 /* Project object */;
			proxyType = 1;
			remoteGlobalIDString = FC48DD7D193C747D00A38A78;
			remoteInfo = CollectionView;
		};
/* End PBXContainerItemProxy section */

/* Begin PBXFileReference section */
		5CBC3E069EB1432794010DE6 /* Pods.xcconfig */ = {isa = PBXFileReference; includeInIndex = 1; lastKnownFileType = text.xcconfig; name = Pods.xcconfig; path = Pods/Pods.xcconfig; sourceTree = "<group>"; };
		717BFB30ADAB4516B9529084 /* libPods.a */ = {isa = PBXFileReference; explicitFileType = archive.ar; includeInIndex = 0; path = libPods.a; sourceTree = BUILT_PRODUCTS_DIR; };
		FC13BD681958147E003C94AF /* Panorama4ViewController.h */ = {isa = PBXFileReference; fileEncoding = 4; lastKnownFileType = sourcecode.c.h; path = Panorama4ViewController.h; sourceTree = "<group>"; };
		FC13BD691958147E003C94AF /* Panorama4ViewController.m */ = {isa = PBXFileReference; fileEncoding = 4; lastKnownFileType = sourcecode.c.objc; path = Panorama4ViewController.m; sourceTree = "<group>"; };
		FC13BD6B19581493003C94AF /* Panorama5ViewController.h */ = {isa = PBXFileReference; fileEncoding = 4; lastKnownFileType = sourcecode.c.h; path = Panorama5ViewController.h; sourceTree = "<group>"; };
		FC13BD6C19581493003C94AF /* Panorama5ViewController.m */ = {isa = PBXFileReference; fileEncoding = 4; lastKnownFileType = sourcecode.c.objc; path = Panorama5ViewController.m; sourceTree = "<group>"; };
		FC37ED041946F5BB0044E4E3 /* InfinitePagingView.h */ = {isa = PBXFileReference; fileEncoding = 4; lastKnownFileType = sourcecode.c.h; path = InfinitePagingView.h; sourceTree = "<group>"; };
		FC37ED051946F5BB0044E4E3 /* InfinitePagingView.m */ = {isa = PBXFileReference; fileEncoding = 4; lastKnownFileType = sourcecode.c.objc; path = InfinitePagingView.m; sourceTree = "<group>"; };
		FC48DD7E193C747D00A38A78 /* CollectionView.app */ = {isa = PBXFileReference; explicitFileType = wrapper.application; includeInIndex = 0; path = CollectionView.app; sourceTree = BUILT_PRODUCTS_DIR; };
		FC48DD81193C747D00A38A78 /* Foundation.framework */ = {isa = PBXFileReference; lastKnownFileType = wrapper.framework; name = Foundation.framework; path = System/Library/Frameworks/Foundation.framework; sourceTree = SDKROOT; };
		FC48DD83193C747D00A38A78 /* CoreGraphics.framework */ = {isa = PBXFileReference; lastKnownFileType = wrapper.framework; name = CoreGraphics.framework; path = System/Library/Frameworks/CoreGraphics.framework; sourceTree = SDKROOT; };
		FC48DD85193C747D00A38A78 /* UIKit.framework */ = {isa = PBXFileReference; lastKnownFileType = wrapper.framework; name = UIKit.framework; path = System/Library/Frameworks/UIKit.framework; sourceTree = SDKROOT; };
		FC48DD89193C747D00A38A78 /* CollectionView-Info.plist */ = {isa = PBXFileReference; lastKnownFileType = text.plist.xml; path = "CollectionView-Info.plist"; sourceTree = "<group>"; };
		FC48DD8B193C747D00A38A78 /* en */ = {isa = PBXFileReference; lastKnownFileType = text.plist.strings; name = en; path = en.lproj/InfoPlist.strings; sourceTree = "<group>"; };
		FC48DD8D193C747D00A38A78 /* main.m */ = {isa = PBXFileReference; lastKnownFileType = sourcecode.c.objc; path = main.m; sourceTree = "<group>"; };
		FC48DD8F193C747D00A38A78 /* CollectionView-Prefix.pch */ = {isa = PBXFileReference; lastKnownFileType = sourcecode.c.h; path = "CollectionView-Prefix.pch"; sourceTree = "<group>"; };
		FC48DD90193C747D00A38A78 /* AppDelegate.h */ = {isa = PBXFileReference; lastKnownFileType = sourcecode.c.h; path = AppDelegate.h; sourceTree = "<group>"; };
		FC48DD91193C747D00A38A78 /* AppDelegate.m */ = {isa = PBXFileReference; lastKnownFileType = sourcecode.c.objc; path = AppDelegate.m; sourceTree = "<group>"; };
		FC48DD93193C747D00A38A78 /* Images.xcassets */ = {isa = PBXFileReference; lastKnownFileType = folder.assetcatalog; path = Images.xcassets; sourceTree = "<group>"; };
		FC48DD99193C747D00A38A78 /* CollectionViewTests.xctest */ = {isa = PBXFileReference; explicitFileType = wrapper.cfbundle; includeInIndex = 0; path = CollectionViewTests.xctest; sourceTree = BUILT_PRODUCTS_DIR; };
		FC48DD9A193C747D00A38A78 /* XCTest.framework */ = {isa = PBXFileReference; lastKnownFileType = wrapper.framework; name = XCTest.framework; path = Library/Frameworks/XCTest.framework; sourceTree = DEVELOPER_DIR; };
		FC48DDA2193C747D00A38A78 /* CollectionViewTests-Info.plist */ = {isa = PBXFileReference; lastKnownFileType = text.plist.xml; path = "CollectionViewTests-Info.plist"; sourceTree = "<group>"; };
		FC48DDA4193C747D00A38A78 /* en */ = {isa = PBXFileReference; lastKnownFileType = text.plist.strings; name = en; path = en.lproj/InfoPlist.strings; sourceTree = "<group>"; };
		FC48DDA6193C747D00A38A78 /* CollectionViewTests.m */ = {isa = PBXFileReference; lastKnownFileType = sourcecode.c.objc; path = CollectionViewTests.m; sourceTree = "<group>"; };
		FC48DDB0193C749D00A38A78 /* ViewController.h */ = {isa = PBXFileReference; fileEncoding = 4; lastKnownFileType = sourcecode.c.h; path = ViewController.h; sourceTree = "<group>"; };
		FC48DDB1193C749D00A38A78 /* ViewController.m */ = {isa = PBXFileReference; fileEncoding = 4; lastKnownFileType = sourcecode.c.objc; path = ViewController.m; sourceTree = "<group>"; };
		FC48DDB4193C7D5200A38A78 /* CollectionViewCell.h */ = {isa = PBXFileReference; fileEncoding = 4; lastKnownFileType = sourcecode.c.h; path = CollectionViewCell.h; sourceTree = "<group>"; };
		FC48DDB5193C7D5200A38A78 /* CollectionViewCell.m */ = {isa = PBXFileReference; fileEncoding = 4; lastKnownFileType = sourcecode.c.objc; path = CollectionViewCell.m; sourceTree = "<group>"; };
		FC4E5543193DBCF3006272FF /* FRGWaterfallCollectionViewLayout.h */ = {isa = PBXFileReference; fileEncoding = 4; lastKnownFileType = sourcecode.c.h; path = FRGWaterfallCollectionViewLayout.h; sourceTree = "<group>"; };
		FC4E5544193DBCF3006272FF /* FRGWaterfallCollectionViewLayout.m */ = {isa = PBXFileReference; fileEncoding = 4; lastKnownFileType = sourcecode.c.objc; path = FRGWaterfallCollectionViewLayout.m; sourceTree = "<group>"; };
		FC4E5546193DBDD6006272FF /* FRGWaterfallDecorationReusableView.h */ = {isa = PBXFileReference; fileEncoding = 4; lastKnownFileType = sourcecode.c.h; path = FRGWaterfallDecorationReusableView.h; sourceTree = "<group>"; };
		FC4E5547193DBDD6006272FF /* FRGWaterfallDecorationReusableView.m */ = {isa = PBXFileReference; fileEncoding = 4; lastKnownFileType = sourcecode.c.objc; path = FRGWaterfallDecorationReusableView.m; sourceTree = "<group>"; };
		FC4E554A193DC38E006272FF /* sample_image_1.png */ = {isa = PBXFileReference; lastKnownFileType = image.png; path = sample_image_1.png; sourceTree = "<group>"; };
		FC4E554B193DC38E006272FF /* sample_image_2.png */ = {isa = PBXFileReference; lastKnownFileType = image.png; path = sample_image_2.png; sourceTree = "<group>"; };
		FC4E554C193DC38E006272FF /* sample_image_3.png */ = {isa = PBXFileReference; lastKnownFileType = image.png; path = sample_image_3.png; sourceTree = "<group>"; };
		FC4E554D193DC38E006272FF /* sample_image_4.png */ = {isa = PBXFileReference; lastKnownFileType = image.png; path = sample_image_4.png; sourceTree = "<group>"; };
		FC4E554E193DC38E006272FF /* sample_image_5.png */ = {isa = PBXFileReference; lastKnownFileType = image.png; path = sample_image_5.png; sourceTree = "<group>"; };
		FC4E5554193DD175006272FF /* sample_image.png */ = {isa = PBXFileReference; lastKnownFileType = image.png; path = sample_image.png; sourceTree = "<group>"; };
		FC9F845D194EDF39005EDF58 /* BasePanoramaViewController.h */ = {isa = PBXFileReference; fileEncoding = 4; lastKnownFileType = sourcecode.c.h; path = BasePanoramaViewController.h; sourceTree = "<group>"; };
		FC9F845E194EDF39005EDF58 /* BasePanoramaViewController.m */ = {isa = PBXFileReference; fileEncoding = 4; lastKnownFileType = sourcecode.c.objc; path = BasePanoramaViewController.m; sourceTree = "<group>"; };
		FC9F8460194EE083005EDF58 /* Panorama1ViewController.h */ = {isa = PBXFileReference; fileEncoding = 4; lastKnownFileType = sourcecode.c.h; path = Panorama1ViewController.h; sourceTree = "<group>"; };
		FC9F8461194EE083005EDF58 /* Panorama1ViewController.m */ = {isa = PBXFileReference; fileEncoding = 4; lastKnownFileType = sourcecode.c.objc; path = Panorama1ViewController.m; sourceTree = "<group>"; };
		FC9F8463194EE511005EDF58 /* BaseEntity.h */ = {isa = PBXFileReference; fileEncoding = 4; lastKnownFileType = sourcecode.c.h; path = BaseEntity.h; sourceTree = "<group>"; };
		FC9F8464194EE511005EDF58 /* BaseEntity.m */ = {isa = PBXFileReference; fileEncoding = 4; lastKnownFileType = sourcecode.c.objc; path = BaseEntity.m; sourceTree = "<group>"; };
		FC9F8466194EE548005EDF58 /* PanoramioEntity.h */ = {isa = PBXFileReference; fileEncoding = 4; lastKnownFileType = sourcecode.c.h; path = PanoramioEntity.h; sourceTree = "<group>"; };
		FC9F8467194EE548005EDF58 /* PanoramioEntity.m */ = {isa = PBXFileReference; fileEncoding = 4; lastKnownFileType = sourcecode.c.objc; path = PanoramioEntity.m; sourceTree = "<group>"; };
		FCAA13E71959A64B00457895 /* WebViewController.h */ = {isa = PBXFileReference; fileEncoding = 4; lastKnownFileType = sourcecode.c.h; path = WebViewController.h; sourceTree = "<group>"; };
		FCAA13E81959A64B00457895 /* WebViewController.m */ = {isa = PBXFileReference; fileEncoding = 4; lastKnownFileType = sourcecode.c.objc; path = WebViewController.m; sourceTree = "<group>"; };
		FCB26DD6195025C5003A6C78 /* GetPanorama.h */ = {isa = PBXFileReference; fileEncoding = 4; lastKnownFileType = sourcecode.c.h; path = GetPanorama.h; sourceTree = "<group>"; };
		FCB26DD7195025C5003A6C78 /* GetPanorama.m */ = {isa = PBXFileReference; fileEncoding = 4; lastKnownFileType = sourcecode.c.objc; path = GetPanorama.m; sourceTree = "<group>"; };
		FCB26DD9195044A8003A6C78 /* Panorama2ViewController.h */ = {isa = PBXFileReference; fileEncoding = 4; lastKnownFileType = sourcecode.c.h; path = Panorama2ViewController.h; sourceTree = "<group>"; };
		FCB26DDA195044A8003A6C78 /* Panorama2ViewController.m */ = {isa = PBXFileReference; fileEncoding = 4; lastKnownFileType = sourcecode.c.objc; path = Panorama2ViewController.m; sourceTree = "<group>"; };
		FCB26DDC19504548003A6C78 /* Panorama3ViewController.h */ = {isa = PBXFileReference; fileEncoding = 4; lastKnownFileType = sourcecode.c.h; path = Panorama3ViewController.h; sourceTree = "<group>"; };
		FCB26DDD19504548003A6C78 /* Panorama3ViewController.m */ = {isa = PBXFileReference; fileEncoding = 4; lastKnownFileType = sourcecode.c.objc; path = Panorama3ViewController.m; sourceTree = "<group>"; };
		FCD4FC64194EDA3600DD0BAD /* APIClient.h */ = {isa = PBXFileReference; fileEncoding = 4; lastKnownFileType = sourcecode.c.h; path = APIClient.h; sourceTree = "<group>"; };
		FCD4FC65194EDA3600DD0BAD /* APIClient.m */ = {isa = PBXFileReference; fileEncoding = 4; lastKnownFileType = sourcecode.c.objc; path = APIClient.m; sourceTree = "<group>"; };
/* End PBXFileReference section */

/* Begin PBXFrameworksBuildPhase section */
		FC48DD7B193C747D00A38A78 /* Frameworks */ = {
			isa = PBXFrameworksBuildPhase;
			buildActionMask = 2147483647;
			files = (
				FC48DD84193C747D00A38A78 /* CoreGraphics.framework in Frameworks */,
				FC48DD86193C747D00A38A78 /* UIKit.framework in Frameworks */,
				FC48DD82193C747D00A38A78 /* Foundation.framework in Frameworks */,
				C706A2F4B87044B992CB7B6A /* libPods.a in Frameworks */,
			);
			runOnlyForDeploymentPostprocessing = 0;
		};
		FC48DD96193C747D00A38A78 /* Frameworks */ = {
			isa = PBXFrameworksBuildPhase;
			buildActionMask = 2147483647;
			files = (
				FC48DD9B193C747D00A38A78 /* XCTest.framework in Frameworks */,
				FC48DD9D193C747D00A38A78 /* UIKit.framework in Frameworks */,
				FC48DD9C193C747D00A38A78 /* Foundation.framework in Frameworks */,
			);
			runOnlyForDeploymentPostprocessing = 0;
		};
/* End PBXFrameworksBuildPhase section */

/* Begin PBXGroup section */
		FC13BD6E19581E0E003C94AF /* PanoramaViewControllers */ = {
			isa = PBXGroup;
			children = (
				FC9F845D194EDF39005EDF58 /* BasePanoramaViewController.h */,
				FC9F845E194EDF39005EDF58 /* BasePanoramaViewController.m */,
				FC9F8460194EE083005EDF58 /* Panorama1ViewController.h */,
				FC9F8461194EE083005EDF58 /* Panorama1ViewController.m */,
				FCB26DD9195044A8003A6C78 /* Panorama2ViewController.h */,
				FCB26DDA195044A8003A6C78 /* Panorama2ViewController.m */,
				FCB26DDC19504548003A6C78 /* Panorama3ViewController.h */,
				FCB26DDD19504548003A6C78 /* Panorama3ViewController.m */,
				FC13BD681958147E003C94AF /* Panorama4ViewController.h */,
				FC13BD691958147E003C94AF /* Panorama4ViewController.m */,
				FC13BD6B19581493003C94AF /* Panorama5ViewController.h */,
				FC13BD6C19581493003C94AF /* Panorama5ViewController.m */,
			);
			name = PanoramaViewControllers;
			sourceTree = "<group>";
		};
		FC48DD75193C747D00A38A78 = {
			isa = PBXGroup;
			children = (
				FC4E5549193DC38E006272FF /* Images */,
				FC48DD87193C747D00A38A78 /* CollectionView */,
				FC48DDA0193C747D00A38A78 /* CollectionViewTests */,
				FC48DD80193C747D00A38A78 /* Frameworks */,
				FC48DD7F193C747D00A38A78 /* Products */,
				5CBC3E069EB1432794010DE6 /* Pods.xcconfig */,
			);
			sourceTree = "<group>";
		};
		FC48DD7F193C747D00A38A78 /* Products */ = {
			isa = PBXGroup;
			children = (
				FC48DD7E193C747D00A38A78 /* CollectionView.app */,
				FC48DD99193C747D00A38A78 /* CollectionViewTests.xctest */,
			);
			name = Products;
			sourceTree = "<group>";
		};
		FC48DD80193C747D00A38A78 /* Frameworks */ = {
			isa = PBXGroup;
			children = (
				FC48DD81193C747D00A38A78 /* Foundation.framework */,
				FC48DD83193C747D00A38A78 /* CoreGraphics.framework */,
				FC48DD85193C747D00A38A78 /* UIKit.framework */,
				FC48DD9A193C747D00A38A78 /* XCTest.framework */,
				717BFB30ADAB4516B9529084 /* libPods.a */,
			);
			name = Frameworks;
			sourceTree = "<group>";
		};
		FC48DD87193C747D00A38A78 /* CollectionView */ = {
			isa = PBXGroup;
			children = (
				FC48DD90193C747D00A38A78 /* AppDelegate.h */,
				FC48DD91193C747D00A38A78 /* AppDelegate.m */,
				FC48DDB0193C749D00A38A78 /* ViewController.h */,
				FC48DDB1193C749D00A38A78 /* ViewController.m */,
				FC13BD6E19581E0E003C94AF /* PanoramaViewControllers */,
				FC48DDB4193C7D5200A38A78 /* CollectionViewCell.h */,
				FC48DDB5193C7D5200A38A78 /* CollectionViewCell.m */,
				FCAA13E71959A64B00457895 /* WebViewController.h */,
				FCAA13E81959A64B00457895 /* WebViewController.m */,
				FC9F8463194EE511005EDF58 /* BaseEntity.h */,
				FC9F8464194EE511005EDF58 /* BaseEntity.m */,
				FC9F8466194EE548005EDF58 /* PanoramioEntity.h */,
				FC9F8467194EE548005EDF58 /* PanoramioEntity.m */,
				FC4E5546193DBDD6006272FF /* FRGWaterfallDecorationReusableView.h */,
				FC4E5547193DBDD6006272FF /* FRGWaterfallDecorationReusableView.m */,
				FC4E5543193DBCF3006272FF /* FRGWaterfallCollectionViewLayout.h */,
				FC4E5544193DBCF3006272FF /* FRGWaterfallCollectionViewLayout.m */,
				FC37ED041946F5BB0044E4E3 /* InfinitePagingView.h */,
				FC37ED051946F5BB0044E4E3 /* InfinitePagingView.m */,
				FCD4FC64194EDA3600DD0BAD /* APIClient.h */,
				FCD4FC65194EDA3600DD0BAD /* APIClient.m */,
				FCB26DD6195025C5003A6C78 /* GetPanorama.h */,
				FCB26DD7195025C5003A6C78 /* GetPanorama.m */,
				FC48DD93193C747D00A38A78 /* Images.xcassets */,
				FC48DD88193C747D00A38A78 /* Supporting Files */,
			);
			path = CollectionView;
			sourceTree = "<group>";
		};
		FC48DD88193C747D00A38A78 /* Supporting Files */ = {
			isa = PBXGroup;
			children = (
				FC48DD89193C747D00A38A78 /* CollectionView-Info.plist */,
				FC48DD8A193C747D00A38A78 /* InfoPlist.strings */,
				FC48DD8D193C747D00A38A78 /* main.m */,
				FC48DD8F193C747D00A38A78 /* CollectionView-Prefix.pch */,
			);
			name = "Supporting Files";
			sourceTree = "<group>";
		};
		FC48DDA0193C747D00A38A78 /* CollectionViewTests */ = {
			isa = PBXGroup;
			children = (
				FC48DDA6193C747D00A38A78 /* CollectionViewTests.m */,
				FC48DDA1193C747D00A38A78 /* Supporting Files */,
			);
			path = CollectionViewTests;
			sourceTree = "<group>";
		};
		FC48DDA1193C747D00A38A78 /* Supporting Files */ = {
			isa = PBXGroup;
			children = (
				FC48DDA2193C747D00A38A78 /* CollectionViewTests-Info.plist */,
				FC48DDA3193C747D00A38A78 /* InfoPlist.strings */,
			);
			name = "Supporting Files";
			sourceTree = "<group>";
		};
		FC4E5549193DC38E006272FF /* Images */ = {
			isa = PBXGroup;
			children = (
				FC4E5554193DD175006272FF /* sample_image.png */,
				FC4E554A193DC38E006272FF /* sample_image_1.png */,
				FC4E554B193DC38E006272FF /* sample_image_2.png */,
				FC4E554C193DC38E006272FF /* sample_image_3.png */,
				FC4E554D193DC38E006272FF /* sample_image_4.png */,
				FC4E554E193DC38E006272FF /* sample_image_5.png */,
			);
			name = Images;
			path = CollectionView/Images;
			sourceTree = "<group>";
		};
/* End PBXGroup section */

/* Begin PBXNativeTarget section */
		FC48DD7D193C747D00A38A78 /* CollectionView */ = {
			isa = PBXNativeTarget;
			buildConfigurationList = FC48DDAA193C747D00A38A78 /* Build configuration list for PBXNativeTarget "CollectionView" */;
			buildPhases = (
				A624014CB049483081105FB0 /* Check Pods Manifest.lock */,
				FC48DD7A193C747D00A38A78 /* Sources */,
				FC48DD7B193C747D00A38A78 /* Frameworks */,
				FC48DD7C193C747D00A38A78 /* Resources */,
				A86D1BF243C3458595BF4A66 /* Copy Pods Resources */,
			);
			buildRules = (
			);
			dependencies = (
			);
			name = CollectionView;
			productName = CollectionView;
			productReference = FC48DD7E193C747D00A38A78 /* CollectionView.app */;
			productType = "com.apple.product-type.application";
		};
		FC48DD98193C747D00A38A78 /* CollectionViewTests */ = {
			isa = PBXNativeTarget;
			buildConfigurationList = FC48DDAD193C747D00A38A78 /* Build configuration list for PBXNativeTarget "CollectionViewTests" */;
			buildPhases = (
				FC48DD95193C747D00A38A78 /* Sources */,
				FC48DD96193C747D00A38A78 /* Frameworks */,
				FC48DD97193C747D00A38A78 /* Resources */,
			);
			buildRules = (
			);
			dependencies = (
				FC48DD9F193C747D00A38A78 /* PBXTargetDependency */,
			);
			name = CollectionViewTests;
			productName = CollectionViewTests;
			productReference = FC48DD99193C747D00A38A78 /* CollectionViewTests.xctest */;
			productType = "com.apple.product-type.bundle.unit-test";
		};
/* End PBXNativeTarget section */

/* Begin PBXProject section */
		FC48DD76193C747D00A38A78 /* Project object */ = {
			isa = PBXProject;
			attributes = {
				LastUpgradeCheck = 0510;
				TargetAttributes = {
					FC48DD98193C747D00A38A78 = {
						TestTargetID = FC48DD7D193C747D00A38A78;
					};
				};
			};
			buildConfigurationList = FC48DD79193C747D00A38A78 /* Build configuration list for PBXProject "CollectionView" */;
			compatibilityVersion = "Xcode 3.2";
			developmentRegion = English;
			hasScannedForEncodings = 0;
			knownRegions = (
				en,
			);
			mainGroup = FC48DD75193C747D00A38A78;
			productRefGroup = FC48DD7F193C747D00A38A78 /* Products */;
			projectDirPath = "";
			projectRoot = "";
			targets = (
				FC48DD7D193C747D00A38A78 /* CollectionView */,
				FC48DD98193C747D00A38A78 /* CollectionViewTests */,
			);
		};
/* End PBXProject section */

/* Begin PBXResourcesBuildPhase section */
		FC48DD7C193C747D00A38A78 /* Resources */ = {
			isa = PBXResourcesBuildPhase;
			buildActionMask = 2147483647;
			files = (
				FC48DD8C193C747D00A38A78 /* InfoPlist.strings in Resources */,
				FC4E5551193DC38E006272FF /* sample_image_3.png in Resources */,
				FC4E5553193DC38E006272FF /* sample_image_5.png in Resources */,
				FC4E554F193DC38E006272FF /* sample_image_1.png in Resources */,
				FC4E5550193DC38E006272FF /* sample_image_2.png in Resources */,
				FC4E5552193DC38E006272FF /* sample_image_4.png in Resources */,
				FC48DD94193C747D00A38A78 /* Images.xcassets in Resources */,
				FC4E5555193DD175006272FF /* sample_image.png in Resources */,
			);
			runOnlyForDeploymentPostprocessing = 0;
		};
		FC48DD97193C747D00A38A78 /* Resources */ = {
			isa = PBXResourcesBuildPhase;
			buildActionMask = 2147483647;
			files = (
				FC48DDA5193C747D00A38A78 /* InfoPlist.strings in Resources */,
			);
			runOnlyForDeploymentPostprocessing = 0;
		};
/* End PBXResourcesBuildPhase section */

/* Begin PBXShellScriptBuildPhase section */
		A624014CB049483081105FB0 /* Check Pods Manifest.lock */ = {
			isa = PBXShellScriptBuildPhase;
			buildActionMask = 2147483647;
			files = (
			);
			inputPaths = (
			);
			name = "Check Pods Manifest.lock";
			outputPaths = (
			);
			runOnlyForDeploymentPostprocessing = 0;
			shellPath = /bin/sh;
			shellScript = "diff \"${PODS_ROOT}/../Podfile.lock\" \"${PODS_ROOT}/Manifest.lock\" > /dev/null\nif [[ $? != 0 ]] ; then\n    cat << EOM\nerror: The sandbox is not in sync with the Podfile.lock. Run 'pod install' or update your CocoaPods installation.\nEOM\n    exit 1\nfi\n";
			showEnvVarsInLog = 0;
		};
		A86D1BF243C3458595BF4A66 /* Copy Pods Resources */ = {
			isa = PBXShellScriptBuildPhase;
			buildActionMask = 2147483647;
			files = (
			);
			inputPaths = (
			);
			name = "Copy Pods Resources";
			outputPaths = (
			);
			runOnlyForDeploymentPostprocessing = 0;
			shellPath = /bin/sh;
			shellScript = "\"${SRCROOT}/Pods/Pods-resources.sh\"\n";
			showEnvVarsInLog = 0;
		};
/* End PBXShellScriptBuildPhase section */

/* Begin PBXSourcesBuildPhase section */
		FC48DD7A193C747D00A38A78 /* Sources */ = {
			isa = PBXSourcesBuildPhase;
			buildActionMask = 2147483647;
			files = (
				FCB26DDE19504548003A6C78 /* Panorama3ViewController.m in Sources */,
				FC4E5548193DBDD6006272FF /* FRGWaterfallDecorationReusableView.m in Sources */,
				FC13BD6D19581493003C94AF /* Panorama5ViewController.m in Sources */,
				FCB26DD8195025C5003A6C78 /* GetPanorama.m in Sources */,
				FC48DDB2193C749D00A38A78 /* ViewController.m in Sources */,
				FC9F845F194EDF39005EDF58 /* BasePanoramaViewController.m in Sources */,
				FCB26DDB195044A8003A6C78 /* Panorama2ViewController.m in Sources */,
				FC13BD6A1958147E003C94AF /* Panorama4ViewController.m in Sources */,
				FC9F8468194EE548005EDF58 /* PanoramioEntity.m in Sources */,
				FC48DD92193C747D00A38A78 /* AppDelegate.m in Sources */,
				FCD4FC66194EDA3700DD0BAD /* APIClient.m in Sources */,
				FC9F8462194EE083005EDF58 /* Panorama1ViewController.m in Sources */,
				FC9F8465194EE511005EDF58 /* BaseEntity.m in Sources */,
				FCAA13E91959A64B00457895 /* WebViewController.m in Sources */,
				FC48DDB6193C7D5200A38A78 /* CollectionViewCell.m in Sources */,
				FC48DD8E193C747D00A38A78 /* main.m in Sources */,
				FC37ED061946F5BB0044E4E3 /* InfinitePagingView.m in Sources */,
				FC4E5545193DBCF3006272FF /* FRGWaterfallCollectionViewLayout.m in Sources */,
			);
			runOnlyForDeploymentPostprocessing = 0;
		};
		FC48DD95193C747D00A38A78 /* Sources */ = {
			isa = PBXSourcesBuildPhase;
			buildActionMask = 2147483647;
			files = (
				FC48DDA7193C747D00A38A78 /* CollectionViewTests.m in Sources */,
			);
			runOnlyForDeploymentPostprocessing = 0;
		};
/* End PBXSourcesBuildPhase section */

/* Begin PBXTargetDependency section */
		FC48DD9F193C747D00A38A78 /* PBXTargetDependency */ = {
			isa = PBXTargetDependency;
			target = FC48DD7D193C747D00A38A78 /* CollectionView */;
			targetProxy = FC48DD9E193C747D00A38A78 /* PBXContainerItemProxy */;
		};
/* End PBXTargetDependency section */

/* Begin PBXVariantGroup section */
		FC48DD8A193C747D00A38A78 /* InfoPlist.strings */ = {
			isa = PBXVariantGroup;
			children = (
				FC48DD8B193C747D00A38A78 /* en */,
			);
			name = InfoPlist.strings;
			sourceTree = "<group>";
		};
		FC48DDA3193C747D00A38A78 /* InfoPlist.strings */ = {
			isa = PBXVariantGroup;
			children = (
				FC48DDA4193C747D00A38A78 /* en */,
			);
			name = InfoPlist.strings;
			sourceTree = "<group>";
		};
/* End PBXVariantGroup section */

/* Begin XCBuildConfiguration section */
		FC48DDA8193C747D00A38A78 /* Debug */ = {
			isa = XCBuildConfiguration;
			buildSettings = {
				ALWAYS_SEARCH_USER_PATHS = NO;
				CLANG_CXX_LANGUAGE_STANDARD = "gnu++0x";
				CLANG_CXX_LIBRARY = "libc++";
				CLANG_ENABLE_MODULES = YES;
				CLANG_ENABLE_OBJC_ARC = YES;
				CLANG_WARN_BOOL_CONVERSION = YES;
				CLANG_WARN_CONSTANT_CONVERSION = YES;
				CLANG_WARN_DIRECT_OBJC_ISA_USAGE = YES_ERROR;
				CLANG_WARN_EMPTY_BODY = YES;
				CLANG_WARN_ENUM_CONVERSION = YES;
				CLANG_WARN_INT_CONVERSION = YES;
				CLANG_WARN_OBJC_ROOT_CLASS = YES_ERROR;
				CLANG_WARN__DUPLICATE_METHOD_MATCH = YES;
				"CODE_SIGN_IDENTITY[sdk=iphoneos*]" = "iPhone Developer";
				COPY_PHASE_STRIP = NO;
				GCC_C_LANGUAGE_STANDARD = gnu99;
				GCC_DYNAMIC_NO_PIC = NO;
				GCC_OPTIMIZATION_LEVEL = 0;
				GCC_PREPROCESSOR_DEFINITIONS = (
					"DEBUG=1",
					"$(inherited)",
				);
				GCC_SYMBOLS_PRIVATE_EXTERN = NO;
				GCC_WARN_64_TO_32_BIT_CONVERSION = YES;
				GCC_WARN_ABOUT_RETURN_TYPE = YES_ERROR;
				GCC_WARN_UNDECLARED_SELECTOR = YES;
				GCC_WARN_UNINITIALIZED_AUTOS = YES_AGGRESSIVE;
				GCC_WARN_UNUSED_FUNCTION = YES;
				GCC_WARN_UNUSED_VARIABLE = YES;
				IPHONEOS_DEPLOYMENT_TARGET = 7.1;
				ONLY_ACTIVE_ARCH = YES;
				SDKROOT = iphoneos;
			};
			name = Debug;
		};
		FC48DDA9193C747D00A38A78 /* Release */ = {
			isa = XCBuildConfiguration;
			buildSettings = {
				ALWAYS_SEARCH_USER_PATHS = NO;
				CLANG_CXX_LANGUAGE_STANDARD = "gnu++0x";
				CLANG_CXX_LIBRARY = "libc++";
				CLANG_ENABLE_MODULES = YES;
				CLANG_ENABLE_OBJC_ARC = YES;
				CLANG_WARN_BOOL_CONVERSION = YES;
				CLANG_WARN_CONSTANT_CONVERSION = YES;
				CLANG_WARN_DIRECT_OBJC_ISA_USAGE = YES_ERROR;
				CLANG_WARN_EMPTY_BODY = YES;
				CLANG_WARN_ENUM_CONVERSION = YES;
				CLANG_WARN_INT_CONVERSION = YES;
				CLANG_WARN_OBJC_ROOT_CLASS = YES_ERROR;
				CLANG_WARN__DUPLICATE_METHOD_MATCH = YES;
				"CODE_SIGN_IDENTITY[sdk=iphoneos*]" = "iPhone Developer";
				COPY_PHASE_STRIP = YES;
				ENABLE_NS_ASSERTIONS = NO;
				GCC_C_LANGUAGE_STANDARD = gnu99;
				GCC_WARN_64_TO_32_BIT_CONVERSION = YES;
				GCC_WARN_ABOUT_RETURN_TYPE = YES_ERROR;
				GCC_WARN_UNDECLARED_SELECTOR = YES;
				GCC_WARN_UNINITIALIZED_AUTOS = YES_AGGRESSIVE;
				GCC_WARN_UNUSED_FUNCTION = YES;
				GCC_WARN_UNUSED_VARIABLE = YES;
				IPHONEOS_DEPLOYMENT_TARGET = 7.1;
				SDKROOT = iphoneos;
				VALIDATE_PRODUCT = YES;
			};
			name = Release;
		};
		FC48DDAB193C747D00A38A78 /* Debug */ = {
			isa = XCBuildConfiguration;
			baseConfigurationReference = 5CBC3E069EB1432794010DE6 /* Pods.xcconfig */;
			buildSettings = {
				ASSETCATALOG_COMPILER_APPICON_NAME = AppIcon;
				ASSETCATALOG_COMPILER_LAUNCHIMAGE_NAME = LaunchImage;
				GCC_PRECOMPILE_PREFIX_HEADER = YES;
				GCC_PREFIX_HEADER = "CollectionView/CollectionView-Prefix.pch";
				INFOPLIST_FILE = "CollectionView/CollectionView-Info.plist";
				PRODUCT_NAME = "$(TARGET_NAME)";
				WRAPPER_EXTENSION = app;
			};
			name = Debug;
		};
		FC48DDAC193C747D00A38A78 /* Release */ = {
			isa = XCBuildConfiguration;
			baseConfigurationReference = 5CBC3E069EB1432794010DE6 /* Pods.xcconfig */;
			buildSettings = {
				ASSETCATALOG_COMPILER_APPICON_NAME = AppIcon;
				ASSETCATALOG_COMPILER_LAUNCHIMAGE_NAME = LaunchImage;
				GCC_PRECOMPILE_PREFIX_HEADER = YES;
				GCC_PREFIX_HEADER = "CollectionView/CollectionView-Prefix.pch";
				INFOPLIST_FILE = "CollectionView/CollectionView-Info.plist";
				PRODUCT_NAME = "$(TARGET_NAME)";
				WRAPPER_EXTENSION = app;
			};
			name = Release;
		};
		FC48DDAE193C747D00A38A78 /* Debug */ = {
			isa = XCBuildConfiguration;
			buildSettings = {
				BUNDLE_LOADER = "$(BUILT_PRODUCTS_DIR)/CollectionView.app/CollectionView";
				FRAMEWORK_SEARCH_PATHS = (
					"$(SDKROOT)/Developer/Library/Frameworks",
					"$(inherited)",
					"$(DEVELOPER_FRAMEWORKS_DIR)",
				);
				GCC_PRECOMPILE_PREFIX_HEADER = YES;
				GCC_PREFIX_HEADER = "CollectionView/CollectionView-Prefix.pch";
				GCC_PREPROCESSOR_DEFINITIONS = (
					"DEBUG=1",
					"$(inherited)",
				);
				INFOPLIST_FILE = "CollectionViewTests/CollectionViewTests-Info.plist";
				PRODUCT_NAME = "$(TARGET_NAME)";
				TEST_HOST = "$(BUNDLE_LOADER)";
				WRAPPER_EXTENSION = xctest;
			};
			name = Debug;
		};
		FC48DDAF193C747D00A38A78 /* Release */ = {
			isa = XCBuildConfiguration;
			buildSettings = {
				BUNDLE_LOADER = "$(BUILT_PRODUCTS_DIR)/CollectionView.app/CollectionView";
				FRAMEWORK_SEARCH_PATHS = (
					"$(SDKROOT)/Developer/Library/Frameworks",
					"$(inherited)",
					"$(DEVELOPER_FRAMEWORKS_DIR)",
				);
				GCC_PRECOMPILE_PREFIX_HEADER = YES;
				GCC_PREFIX_HEADER = "CollectionView/CollectionView-Prefix.pch";
				INFOPLIST_FILE = "CollectionViewTests/CollectionViewTests-Info.plist";
				PRODUCT_NAME = "$(TARGET_NAME)";
				TEST_HOST = "$(BUNDLE_LOADER)";
				WRAPPER_EXTENSION = xctest;
			};
			name = Release;
		};
/* End XCBuildConfiguration section */

/* Begin XCConfigurationList section */
		FC48DD79193C747D00A38A78 /* Build configuration list for PBXProject "CollectionView" */ = {
			isa = XCConfigurationList;
			buildConfigurations = (
				FC48DDA8193C747D00A38A78 /* Debug */,
				FC48DDA9193C747D00A38A78 /* Release */,
			);
			defaultConfigurationIsVisible = 0;
			defaultConfigurationName = Release;
		};
		FC48DDAA193C747D00A38A78 /* Build configuration list for PBXNativeTarget "CollectionView" */ = {
			isa = XCConfigurationList;
			buildConfigurations = (
				FC48DDAB193C747D00A38A78 /* Debug */,
				FC48DDAC193C747D00A38A78 /* Release */,
			);
			defaultConfigurationIsVisible = 0;
			defaultConfigurationName = Release;
		};
		FC48DDAD193C747D00A38A78 /* Build configuration list for PBXNativeTarget "CollectionViewTests" */ = {
			isa = XCConfigurationList;
			buildConfigurations = (
				FC48DDAE193C747D00A38A78 /* Debug */,
				FC48DDAF193C747D00A38A78 /* Release */,
			);
			defaultConfigurationIsVisible = 0;
			defaultConfigurationName = Release;
		};
/* End XCConfigurationList section */
	};
	rootObject = FC48DD76193C747D00A38A78 /* Project object */;
}
